
Microsoft Visual Studio Solution File, Format Version 12.00
# Visual Studio Version 16
VisualStudioVersion = 16.0.30104.148
MinimumVisualStudioVersion = 10.0.40219.1
Project("{FAE04EC0-301F-11D3-BF4B-00C04F79EFBC}") = "ConsoleApp1", "ConsoleApp1.csproj", "{C16291FC-1A49-4FD0-8B95-AB30045F8373}"
EndProject
Global
	GlobalSection(SolutionConfigurationPlatforms) = preSolution
		Debug|Any CPU = Debug|Any CPU
		Release|Any CPU = Release|Any CPU
	EndGlobalSection
	GlobalSection(ProjectConfigurationPlatforms) = postSolution
		{C16291FC-1A49-4FD0-8B95-AB30045F8373}.Debug|Any CPU.ActiveCfg = Debug|Any CPU
		{C16291FC-1A49-4FD0-8B95-AB30045F8373}.Debug|Any CPU.Build.0 = Debug|Any CPU
		{C16291FC-1A49-4FD0-8B95-AB30045F8373}.Release|Any CPU.ActiveCfg = Release|Any CPU
		{C16291FC-1A49-4FD0-8B95-AB30045F8373}.Release|Any CPU.Build.0 = Release|Any CPU
	EndGlobalSection
	GlobalSection(SolutionProperties) = preSolution
		HideSolutionNode = FALSE
	EndGlobalSection
	GlobalSection(ExtensibilityGlobals) = postSolution
		SolutionGuid = {3FF832B2-65E0-4638-A2A5-94168D7EF0C3}
	EndGlobalSection
EndGlobal
